
Microsoft Visual Studio Solution File, Format Version 12.00
# Visual Studio Version 17
VisualStudioVersion = 17.0.32126.317
MinimumVisualStudioVersion = 10.0.40219.1
Project("{FAE04EC0-301F-11D3-BF4B-00C04F79EFBC}") = "WPF_ImgLoad", "WPF_ImgLoad\WPF_ImgLoad.csproj", "{AF48ACAF-100F-4CBE-99C8-A1742B791B5A}"
EndProject
Global
	GlobalSection(SolutionConfigurationPlatforms) = preSolution
		Debug|Any CPU = Debug|Any CPU
		Release|Any CPU = Release|Any CPU
	EndGlobalSection
	GlobalSection(ProjectConfigurationPlatforms) = postSolution
		{AF48ACAF-100F-4CBE-99C8-A1742B791B5A}.Debug|Any CPU.ActiveCfg = Debug|Any CPU
		{AF48ACAF-100F-4CBE-99C8-A1742B791B5A}.Debug|Any CPU.Build.0 = Debug|Any CPU
		{AF48ACAF-100F-4CBE-99C8-A1742B791B5A}.Release|Any CPU.ActiveCfg = Release|Any CPU
		{AF48ACAF-100F-4CBE-99C8-A1742B791B5A}.Release|Any CPU.Build.0 = Release|Any CPU
	EndGlobalSection
	GlobalSection(SolutionProperties) = preSolution
		HideSolutionNode = FALSE
	EndGlobalSection
	GlobalSection(ExtensibilityGlobals) = postSolution
		SolutionGuid = {DB09DC30-ADDA-4765-8E95-FE8BEC3A6336}
	EndGlobalSection
EndGlobal
